Microsoft Visual Studio Solution File, Format Version 12.00
# Visual Studio 15
VisualStudioVersion = 15.0.26228.4
MinimumVisualStudioVersion = 10.0.40219.1
Project("{2150E333-8FDC-42A3-9474-1A3956D46DE8}") = "src", "src", "{157294BD-5A2A-4BB9-BFB7-2598E61307E5}"
EndProject
Project("{2150E333-8FDC-42A3-9474-1A3956D46DE8}") = "build", "build", "{4D21F440-CC56-4D9F-9395-6652A8E5A81C}"
	ProjectSection(SolutionItems) = preProject
		NuGet.config = NuGet.config
	EndProjectSection
EndProject
Project("{2150E333-8FDC-42A3-9474-1A3956D46DE8}") = "test", "test", "{0F27EACB-1EC5-4B77-BA0B-E067B75E4D63}"
EndProject
Project("{9A19103F-16F7-4668-BE54-9A1E7A4F7556}") = "Nancy.Bootstrappers.StructureMap", "src\Nancy.Bootstrappers.StructureMap\Nancy.Bootstrappers.StructureMap.csproj", "{A416561A-5817-42EE-95C9-4C91824420F9}"
EndProject
Project("{9A19103F-16F7-4668-BE54-9A1E7A4F7556}") = "Nancy.Bootstrappers.StructureMap.Tests", "test\Nancy.Bootstrappers.StructureMap.Tests\Nancy.Bootstrappers.StructureMap.Tests.csproj", "{07930CAE-2B0E-4A09-81C8-F844DBD67A5E}"
EndProject
Project("{9A19103F-16F7-4668-BE54-9A1E7A4F7556}") = "Nancy", "dependencies\Nancy\src\Nancy\Nancy.csproj", "{ACCFC98C-DF9A-4D8A-BEC1-D1C22BA513E4}"
EndProject
Global
	GlobalSection(SolutionConfigurationPlatforms) = preSolution
		Debug|Any CPU = Debug|Any CPU
		Release|Any CPU = Release|Any CPU
	EndGlobalSection
	GlobalSection(ProjectConfigurationPlatforms) = postSolution
		{A416561A-5817-42EE-95C9-4C91824420F9}.Debug|Any CPU.ActiveCfg = Debug|Any CPU
		{A416561A-5817-42EE-95C9-4C91824420F9}.Debug|Any CPU.Build.0 = Debug|Any CPU
		{A416561A-5817-42EE-95C9-4C91824420F9}.Release|Any CPU.ActiveCfg = Release|Any CPU
		{A416561A-5817-42EE-95C9-4C91824420F9}.Release|Any CPU.Build.0 = Release|Any CPU
		{07930CAE-2B0E-4A09-81C8-F844DBD67A5E}.Debug|Any CPU.ActiveCfg = Debug|Any CPU
		{07930CAE-2B0E-4A09-81C8-F844DBD67A5E}.Debug|Any CPU.Build.0 = Debug|Any CPU
		{07930CAE-2B0E-4A09-81C8-F844DBD67A5E}.Release|Any CPU.ActiveCfg = Release|Any CPU
		{07930CAE-2B0E-4A09-81C8-F844DBD67A5E}.Release|Any CPU.Build.0 = Release|Any CPU
		{ACCFC98C-DF9A-4D8A-BEC1-D1C22BA513E4}.Debug|Any CPU.ActiveCfg = Debug|Any CPU
		{ACCFC98C-DF9A-4D8A-BEC1-D1C22BA513E4}.Debug|Any CPU.Build.0 = Debug|Any CPU
		{ACCFC98C-DF9A-4D8A-BEC1-D1C22BA513E4}.Release|Any CPU.ActiveCfg = Release|Any CPU
		{ACCFC98C-DF9A-4D8A-BEC1-D1C22BA513E4}.Release|Any CPU.Build.0 = Release|Any CPU
	EndGlobalSection
	GlobalSection(SolutionProperties) = preSolution
		HideSolutionNode = FALSE
	EndGlobalSection
	GlobalSection(NestedProjects) = preSolution
		{A416561A-5817-42EE-95C9-4C91824420F9} = {157294BD-5A2A-4BB9-BFB7-2598E61307E5}
		{07930CAE-2B0E-4A09-81C8-F844DBD67A5E} = {0F27EACB-1EC5-4B77-BA0B-E067B75E4D63}
		{ACCFC98C-DF9A-4D8A-BEC1-D1C22BA513E4} = {157294BD-5A2A-4BB9-BFB7-2598E61307E5}
	EndGlobalSection
EndGlobal
